
Microsoft Visual Studio Solution File, Format Version 12.00
# Visual Studio Version 16
VisualStudioVersion = 16.0.30114.105
MinimumVisualStudioVersion = 10.0.40219.1
Project("{FAE04EC0-301F-11D3-BF4B-00C04F79EFBC}") = "Data", "Data\Data.csproj", "{F5FB3432-4FC1-4625-909E-374057FC7260}"
EndProject
Project("{FAE04EC0-301F-11D3-BF4B-00C04F79EFBC}") = "DotNetProject", "DotNetProject\DotNetProject.csproj", "{DA15D1C1-47E7-48D1-BF3B-0B440B1C8181}"
EndProject
Global
	GlobalSection(SolutionConfigurationPlatforms) = preSolution
		Debug|Any CPU = Debug|Any CPU
		Release|Any CPU = Release|Any CPU
	EndGlobalSection
	GlobalSection(SolutionProperties) = preSolution
		HideSolutionNode = FALSE
	EndGlobalSection
	GlobalSection(ProjectConfigurationPlatforms) = postSolution
		{F5FB3432-4FC1-4625-909E-374057FC7260}.Debug|Any CPU.ActiveCfg = Debug|Any CPU
		{F5FB3432-4FC1-4625-909E-374057FC7260}.Debug|Any CPU.Build.0 = Debug|Any CPU
		{F5FB3432-4FC1-4625-909E-374057FC7260}.Release|Any CPU.ActiveCfg = Release|Any CPU
		{F5FB3432-4FC1-4625-909E-374057FC7260}.Release|Any CPU.Build.0 = Release|Any CPU
		{DA15D1C1-47E7-48D1-BF3B-0B440B1C8181}.Debug|Any CPU.ActiveCfg = Debug|Any CPU
		{DA15D1C1-47E7-48D1-BF3B-0B440B1C8181}.Debug|Any CPU.Build.0 = Debug|Any CPU
		{DA15D1C1-47E7-48D1-BF3B-0B440B1C8181}.Release|Any CPU.ActiveCfg = Release|Any CPU
		{DA15D1C1-47E7-48D1-BF3B-0B440B1C8181}.Release|Any CPU.Build.0 = Release|Any CPU
	EndGlobalSection
EndGlobal
